
Microsoft Visual Studio Solution File, Format Version 12.00
# Visual Studio Version 17
VisualStudioVersion = 17.2.32630.192
MinimumVisualStudioVersion = 10.0.40219.1
Project("{9A19103F-16F7-4668-BE54-9A1E7A4F7556}") = "F10Y.NG0013.Construction", "F10Y.NG0013.Construction\F10Y.NG0013.Construction.csproj", "{F6D123A9-DBF2-4A04-9063-F966AF018D7F}"
EndProject
Project("{9A19103F-16F7-4668-BE54-9A1E7A4F7556}") = "F10Y.NG0013", "F10Y.NG0013\F10Y.NG0013.csproj", "{362B0B65-A337-4B0A-B7F0-322ED16B0B15}"
EndProject
Global
	GlobalSection(SolutionConfigurationPlatforms) = preSolution
		Debug|Any CPU = Debug|Any CPU
		Release|Any CPU = Release|Any CPU
	EndGlobalSection
	GlobalSection(ProjectConfigurationPlatforms) = postSolution
		{F6D123A9-DBF2-4A04-9063-F966AF018D7F}.Debug|Any CPU.ActiveCfg = Debug|Any CPU
		{F6D123A9-DBF2-4A04-9063-F966AF018D7F}.Debug|Any CPU.Build.0 = Debug|Any CPU
		{F6D123A9-DBF2-4A04-9063-F966AF018D7F}.Release|Any CPU.ActiveCfg = Release|Any CPU
		{F6D123A9-DBF2-4A04-9063-F966AF018D7F}.Release|Any CPU.Build.0 = Release|Any CPU
		{362B0B65-A337-4B0A-B7F0-322ED16B0B15}.Debug|Any CPU.ActiveCfg = Debug|Any CPU
		{362B0B65-A337-4B0A-B7F0-322ED16B0B15}.Debug|Any CPU.Build.0 = Debug|Any CPU
		{362B0B65-A337-4B0A-B7F0-322ED16B0B15}.Release|Any CPU.ActiveCfg = Release|Any CPU
		{362B0B65-A337-4B0A-B7F0-322ED16B0B15}.Release|Any CPU.Build.0 = Release|Any CPU
	EndGlobalSection
	GlobalSection(SolutionProperties) = preSolution
		HideSolutionNode = FALSE
	EndGlobalSection
	GlobalSection(ExtensibilityGlobals) = postSolution
		SolutionGuid = {C4ADC384-6528-490F-A632-7A06899327C4}
	EndGlobalSection
EndGlobal
